
Microsoft Visual Studio Solution File, Format Version 12.00
# Visual Studio Version 16
VisualStudioVersion = 16.0.29519.181
MinimumVisualStudioVersion = 10.0.40219.1
Project("{FAE04EC0-301F-11D3-BF4B-00C04F79EFBC}") = "Xadrez-console", "Xadrez-console\Xadrez-console.csproj", "{E2D78668-1905-478D-AC5F-58B4822EA8CC}"
EndProject
Global
	GlobalSection(SolutionConfigurationPlatforms) = preSolution
		Debug|Any CPU = Debug|Any CPU
		Release|Any CPU = Release|Any CPU
	EndGlobalSection
	GlobalSection(ProjectConfigurationPlatforms) = postSolution
		{E2D78668-1905-478D-AC5F-58B4822EA8CC}.Debug|Any CPU.ActiveCfg = Debug|Any CPU
		{E2D78668-1905-478D-AC5F-58B4822EA8CC}.Debug|Any CPU.Build.0 = Debug|Any CPU
		{E2D78668-1905-478D-AC5F-58B4822EA8CC}.Release|Any CPU.ActiveCfg = Release|Any CPU
		{E2D78668-1905-478D-AC5F-58B4822EA8CC}.Release|Any CPU.Build.0 = Release|Any CPU
	EndGlobalSection
	GlobalSection(SolutionProperties) = preSolution
		HideSolutionNode = FALSE
	EndGlobalSection
	GlobalSection(ExtensibilityGlobals) = postSolution
		SolutionGuid = {BD3F678B-F457-4C44-A454-846C9850EF42}
	EndGlobalSection
EndGlobal
